
Microsoft Visual Studio Solution File, Format Version 12.00
# Visual Studio Version 17
VisualStudioVersion = 17.11.35005.142
MinimumVisualStudioVersion = 10.0.40219.1
Project("{9A19103F-16F7-4668-BE54-9A1E7A4F7556}") = "ContactKeeper.UI", "ContactKeeper.UI\ContactKeeper.UI.csproj", "{C4F4BAD3-9B87-40E3-92E9-E8659D71ED1A}"
EndProject
Project("{9A19103F-16F7-4668-BE54-9A1E7A4F7556}") = "ContactKeeper.Core", "ContactKeeper.Core\ContactKeeper.Core.csproj", "{A75BBE4A-7930-4B4F-8902-0F749305CC5C}"
EndProject
Project("{9A19103F-16F7-4668-BE54-9A1E7A4F7556}") = "ContactKeeper.Infrastructure", "ContactKeeper.Infrastructure\ContactKeeper.Infrastructure.csproj", "{29A92251-C831-43CB-B73B-1EAE798BB4F6}"
EndProject
Project("{2150E333-8FDC-42A3-9474-1A3956D46DE8}") = "Solution Items", "Solution Items", "{E52DBB87-1184-4D3D-ACFE-D403B9514812}"
	ProjectSection(SolutionItems) = preProject
		Readme-Resources\add-contact.png = Readme-Resources\add-contact.png
		.github\workflows\ci.yml = .github\workflows\ci.yml
		Readme-Resources\confirm-overwrite.png = Readme-Resources\confirm-overwrite.png
		Readme-Resources\contacts-overview.png = Readme-Resources\contacts-overview.png
		Readme-Resources\edit-contact.png = Readme-Resources\edit-contact.png
		LICENSE.txt = LICENSE.txt
		README.md = README.md
		Readme-Resources\unsaved-changes.png = Readme-Resources\unsaved-changes.png
	EndProjectSection
EndProject
Project("{9A19103F-16F7-4668-BE54-9A1E7A4F7556}") = "ContactKeeper.Infrastructure.Tests", "ContactKeeper.Infrastructure.Tests\ContactKeeper.Infrastructure.Tests.csproj", "{7EA5665E-BB27-488C-A9E2-F47CF43BB778}"
EndProject
Project("{9A19103F-16F7-4668-BE54-9A1E7A4F7556}") = "ContactKeeper.Core.Tests", "ContactKeeper.Core.Tests\ContactKeeper.Core.Tests.csproj", "{6EED390B-1A9B-45A5-A961-B6C65F6C2E23}"
EndProject
Project("{9A19103F-16F7-4668-BE54-9A1E7A4F7556}") = "ContactKeeper.UI.Tests", "ContactKeeper.UI.Tests\ContactKeeper.UI.Tests.csproj", "{917DCEEF-76FB-45E5-A15C-DABE79E7E2A2}"
EndProject
Global
	GlobalSection(SolutionConfigurationPlatforms) = preSolution
		Debug|Any CPU = Debug|Any CPU
		Release|Any CPU = Release|Any CPU
	EndGlobalSection
	GlobalSection(ProjectConfigurationPlatforms) = postSolution
		{C4F4BAD3-9B87-40E3-92E9-E8659D71ED1A}.Debug|Any CPU.ActiveCfg = Debug|Any CPU
		{C4F4BAD3-9B87-40E3-92E9-E8659D71ED1A}.Debug|Any CPU.Build.0 = Debug|Any CPU
		{C4F4BAD3-9B87-40E3-92E9-E8659D71ED1A}.Release|Any CPU.ActiveCfg = Release|Any CPU
		{C4F4BAD3-9B87-40E3-92E9-E8659D71ED1A}.Release|Any CPU.Build.0 = Release|Any CPU
		{A75BBE4A-7930-4B4F-8902-0F749305CC5C}.Debug|Any CPU.ActiveCfg = Debug|Any CPU
		{A75BBE4A-7930-4B4F-8902-0F749305CC5C}.Debug|Any CPU.Build.0 = Debug|Any CPU
		{A75BBE4A-7930-4B4F-8902-0F749305CC5C}.Release|Any CPU.ActiveCfg = Release|Any CPU
		{A75BBE4A-7930-4B4F-8902-0F749305CC5C}.Release|Any CPU.Build.0 = Release|Any CPU
		{29A92251-C831-43CB-B73B-1EAE798BB4F6}.Debug|Any CPU.ActiveCfg = Debug|Any CPU
		{29A92251-C831-43CB-B73B-1EAE798BB4F6}.Debug|Any CPU.Build.0 = Debug|Any CPU
		{29A92251-C831-43CB-B73B-1EAE798BB4F6}.Release|Any CPU.ActiveCfg = Release|Any CPU
		{29A92251-C831-43CB-B73B-1EAE798BB4F6}.Release|Any CPU.Build.0 = Release|Any CPU
		{7EA5665E-BB27-488C-A9E2-F47CF43BB778}.Debug|Any CPU.ActiveCfg = Debug|Any CPU
		{7EA5665E-BB27-488C-A9E2-F47CF43BB778}.Debug|Any CPU.Build.0 = Debug|Any CPU
		{7EA5665E-BB27-488C-A9E2-F47CF43BB778}.Release|Any CPU.ActiveCfg = Release|Any CPU
		{7EA5665E-BB27-488C-A9E2-F47CF43BB778}.Release|Any CPU.Build.0 = Release|Any CPU
		{6EED390B-1A9B-45A5-A961-B6C65F6C2E23}.Debug|Any CPU.ActiveCfg = Debug|Any CPU
		{6EED390B-1A9B-45A5-A961-B6C65F6C2E23}.Debug|Any CPU.Build.0 = Debug|Any CPU
		{6EED390B-1A9B-45A5-A961-B6C65F6C2E23}.Release|Any CPU.ActiveCfg = Release|Any CPU
		{6EED390B-1A9B-45A5-A961-B6C65F6C2E23}.Release|Any CPU.Build.0 = Release|Any CPU
		{917DCEEF-76FB-45E5-A15C-DABE79E7E2A2}.Debug|Any CPU.ActiveCfg = Debug|Any CPU
		{917DCEEF-76FB-45E5-A15C-DABE79E7E2A2}.Debug|Any CPU.Build.0 = Debug|Any CPU
		{917DCEEF-76FB-45E5-A15C-DABE79E7E2A2}.Release|Any CPU.ActiveCfg = Release|Any CPU
		{917DCEEF-76FB-45E5-A15C-DABE79E7E2A2}.Release|Any CPU.Build.0 = Release|Any CPU
	EndGlobalSection
	GlobalSection(SolutionProperties) = preSolution
		HideSolutionNode = FALSE
	EndGlobalSection
	GlobalSection(ExtensibilityGlobals) = postSolution
		SolutionGuid = {66E88F65-BC31-455E-AB37-5D33AE03E8A1}
	EndGlobalSection
EndGlobal
